
Microsoft Visual Studio Solution File, Format Version 12.00
# Visual Studio Version 17
VisualStudioVersion = 17.6.33723.286
MinimumVisualStudioVersion = 10.0.40219.1
Project("{FAE04EC0-301F-11D3-BF4B-00C04F79EFBC}") = "SkillboxHomework10_1", "SkillboxHomework10_1\SkillboxHomework10_1.csproj", "{7C9DE6B3-5CBE-4045-B308-0EEE2F5D42FF}"
EndProject
Global
	GlobalSection(SolutionConfigurationPlatforms) = preSolution
		Debug|Any CPU = Debug|Any CPU
		Release|Any CPU = Release|Any CPU
	EndGlobalSection
	GlobalSection(ProjectConfigurationPlatforms) = postSolution
		{7C9DE6B3-5CBE-4045-B308-0EEE2F5D42FF}.Debug|Any CPU.ActiveCfg = Debug|Any CPU
		{7C9DE6B3-5CBE-4045-B308-0EEE2F5D42FF}.Debug|Any CPU.Build.0 = Debug|Any CPU
		{7C9DE6B3-5CBE-4045-B308-0EEE2F5D42FF}.Release|Any CPU.ActiveCfg = Release|Any CPU
		{7C9DE6B3-5CBE-4045-B308-0EEE2F5D42FF}.Release|Any CPU.Build.0 = Release|Any CPU
	EndGlobalSection
	GlobalSection(SolutionProperties) = preSolution
		HideSolutionNode = FALSE
	EndGlobalSection
	GlobalSection(ExtensibilityGlobals) = postSolution
		SolutionGuid = {C8F94942-5F6D-49CA-A004-8F074A0B3665}
	EndGlobalSection
EndGlobal
